// !$*UTF8*$!
{
	archiveVersion = 1;
	classes = {
	};
	objectVersion = 56;
	objects = {

/* Begin PBXBuildFile section */
		8A23897E2D631F5900DA15E7 /* PokedexApp.swift in Sources */ = {isa = PBXBuildFile; fileRef = 8A23897D2D631F5900DA15E7 /* PokedexApp.swift */; };
		8A2389802D631F5900DA15E7 /* ContentView.swift in Sources */ = {isa = PBXBuildFile; fileRef = 8A23897F2D631F5900DA15E7 /* ContentView.swift */; };
		8A2389822D631F5B00DA15E7 /* Assets.xcassets in Resources */ = {isa = PBXBuildFile; fileRef = 8A2389812D631F5B00DA15E7 /* Assets.xcassets */; };
		8A2389852D631F5B00DA15E7 /* Preview Assets.xcassets in Resources */ = {isa = PBXBuildFile; fileRef = 8A2389842D631F5B00DA15E7 /* Preview Assets.xcassets */; };
		8A2389872D631F5B00DA15E7 /* Persistence.swift in Sources */ = {isa = PBXBuildFile; fileRef = 8A2389862D631F5B00DA15E7 /* Persistence.swift */; };
		8A23898A2D631F5B00DA15E7 /* Pokedex.xcdatamodeld in Sources */ = {isa = PBXBuildFile; fileRef = 8A2389882D631F5B00DA15E7 /* Pokedex.xcdatamodeld */; };
		8A2389942D631F5B00DA15E7 /* PokedexTests.swift in Sources */ = {isa = PBXBuildFile; fileRef = 8A2389932D631F5B00DA15E7 /* PokedexTests.swift */; };
		8A23899E2D631F5B00DA15E7 /* PokedexUITests.swift in Sources */ = {isa = PBXBuildFile; fileRef = 8A23899D2D631F5B00DA15E7 /* PokedexUITests.swift */; };
		8A2389A02D631F5B00DA15E7 /* PokedexUITestsLaunchTests.swift in Sources */ = {isa = PBXBuildFile; fileRef = 8A23899F2D631F5B00DA15E7 /* PokedexUITestsLaunchTests.swift */; };
		8A2389B62D633BFD00DA15E7 /* PokemonModel.swift in Sources */ = {isa = PBXBuildFile; fileRef = 8A2389B52D633BFD00DA15E7 /* PokemonModel.swift */; };
		8A2389B82D633C0D00DA15E7 /* TypeModel.swift in Sources */ = {isa = PBXBuildFile; fileRef = 8A2389B72D633C0D00DA15E7 /* TypeModel.swift */; };
		8A2389BA2D633C3400DA15E7 /* SpriteModel.swift in Sources */ = {isa = PBXBuildFile; fileRef = 8A2389B92D633C3400DA15E7 /* SpriteModel.swift */; };
		8A2389BE2D633D2200DA15E7 /* PokemonViewModel.swift in Sources */ = {isa = PBXBuildFile; fileRef = 8A2389BD2D633D2200DA15E7 /* PokemonViewModel.swift */; };
		8A2389C02D633D2F00DA15E7 /* ApiService.swift in Sources */ = {isa = PBXBuildFile; fileRef = 8A2389BF2D633D2F00DA15E7 /* ApiService.swift */; };
		8A5987FE2D6C5B5900772072 /* StatModel.swift in Sources */ = {isa = PBXBuildFile; fileRef = 8A5987FD2D6C5B5900772072 /* StatModel.swift */; };
		8AB335B92D6388A70039F61C /* PokemonDetail.swift in Sources */ = {isa = PBXBuildFile; fileRef = 8AB335B82D6388A70039F61C /* PokemonDetail.swift */; };
/* End PBXBuildFile section */

/* Begin PBXContainerItemProxy section */
		8A2389902D631F5B00DA15E7 /* PBXContainerItemProxy */ = {
			isa = PBXContainerItemProxy;
			containerPortal = 8A2389722D631F5900DA15E7 /* Project object */;
			proxyType = 1;
			remoteGlobalIDString = 8A2389792D631F5900DA15E7;
			remoteInfo = Pokedex;
		};
		8A23899A2D631F5B00DA15E7 /* PBXContainerItemProxy */ = {
			isa = PBXContainerItemProxy;
			containerPortal = 8A2389722D631F5900DA15E7 /* Project object */;
			proxyType = 1;
			remoteGlobalIDString = 8A2389792D631F5900DA15E7;
			remoteInfo = Pokedex;
		};
/* End PBXContainerItemProxy section */

/* Begin PBXFileReference section */
		8A23897A2D631F5900DA15E7 /* Pokedex.app */ = {isa = PBXFileReference; explicitFileType = wrapper.application; includeInIndex = 0; path = Pokedex.app; sourceTree = BUILT_PRODUCTS_DIR; };
		8A23897D2D631F5900DA15E7 /* PokedexApp.swift */ = {isa = PBXFileReference; lastKnownFileType = sourcecode.swift; path = PokedexApp.swift; sourceTree = "<group>"; };
		8A23897F2D631F5900DA15E7 /* ContentView.swift */ = {isa = PBXFileReference; lastKnownFileType = sourcecode.swift; path = ContentView.swift; sourceTree = "<group>"; };
		8A2389812D631F5B00DA15E7 /* Assets.xcassets */ = {isa = PBXFileReference; lastKnownFileType = folder.assetcatalog; path = Assets.xcassets; sourceTree = "<group>"; };
		8A2389842D631F5B00DA15E7 /* Preview Assets.xcassets */ = {isa = PBXFileReference; lastKnownFileType = folder.assetcatalog; path = "Preview Assets.xcassets"; sourceTree = "<group>"; };
		8A2389862D631F5B00DA15E7 /* Persistence.swift */ = {isa = PBXFileReference; lastKnownFileType = sourcecode.swift; path = Persistence.swift; sourceTree = "<group>"; };
		8A2389892D631F5B00DA15E7 /* Pokedex.xcdatamodel */ = {isa = PBXFileReference; lastKnownFileType = wrapper.xcdatamodel; path = Pokedex.xcdatamodel; sourceTree = "<group>"; };
		8A23898F2D631F5B00DA15E7 /* PokedexTests.xctest */ = {isa = PBXFileReference; explicitFileType = wrapper.cfbundle; includeInIndex = 0; path = PokedexTests.xctest; sourceTree = BUILT_PRODUCTS_DIR; };
		8A2389932D631F5B00DA15E7 /* PokedexTests.swift */ = {isa = PBXFileReference; lastKnownFileType = sourcecode.swift; path = PokedexTests.swift; sourceTree = "<group>"; };
		8A2389992D631F5B00DA15E7 /* PokedexUITests.xctest */ = {isa = PBXFileReference; explicitFileType = wrapper.cfbundle; includeInIndex = 0; path = PokedexUITests.xctest; sourceTree = BUILT_PRODUCTS_DIR; };
		8A23899D2D631F5B00DA15E7 /* PokedexUITests.swift */ = {isa = PBXFileReference; lastKnownFileType = sourcecode.swift; path = PokedexUITests.swift; sourceTree = "<group>"; };
		8A23899F2D631F5B00DA15E7 /* PokedexUITestsLaunchTests.swift */ = {isa = PBXFileReference; lastKnownFileType = sourcecode.swift; path = PokedexUITestsLaunchTests.swift; sourceTree = "<group>"; };
		8A2389B52D633BFD00DA15E7 /* PokemonModel.swift */ = {isa = PBXFileReference; lastKnownFileType = sourcecode.swift; path = PokemonModel.swift; sourceTree = "<group>"; };
		8A2389B72D633C0D00DA15E7 /* TypeModel.swift */ = {isa = PBXFileReference; lastKnownFileType = sourcecode.swift; path = TypeModel.swift; sourceTree = "<group>"; };
		8A2389B92D633C3400DA15E7 /* SpriteModel.swift */ = {isa = PBXFileReference; lastKnownFileType = sourcecode.swift; path = SpriteModel.swift; sourceTree = "<group>"; };
		8A2389BD2D633D2200DA15E7 /* PokemonViewModel.swift */ = {isa = PBXFileReference; lastKnownFileType = sourcecode.swift; path = PokemonViewModel.swift; sourceTree = "<group>"; };
		8A2389BF2D633D2F00DA15E7 /* ApiService.swift */ = {isa = PBXFileReference; lastKnownFileType = sourcecode.swift; path = ApiService.swift; sourceTree = "<group>"; };
		8A5987FD2D6C5B5900772072 /* StatModel.swift */ = {isa = PBXFileReference; lastKnownFileType = sourcecode.swift; path = StatModel.swift; sourceTree = "<group>"; };
		8AB335B82D6388A70039F61C /* PokemonDetail.swift */ = {isa = PBXFileReference; lastKnownFileType = sourcecode.swift; path = PokemonDetail.swift; sourceTree = "<group>"; };
/* End PBXFileReference section */

/* Begin PBXFrameworksBuildPhase section */
		8A2389772D631F5900DA15E7 /* Frameworks */ = {
			isa = PBXFrameworksBuildPhase;
			buildActionMask = 2147483647;
			files = (
			);
			runOnlyForDeploymentPostprocessing = 0;
		};
		8A23898C2D631F5B00DA15E7 /* Frameworks */ = {
			isa = PBXFrameworksBuildPhase;
			buildActionMask = 2147483647;
			files = (
			);
			runOnlyForDeploymentPostprocessing = 0;
		};
		8A2389962D631F5B00DA15E7 /* Frameworks */ = {
			isa = PBXFrameworksBuildPhase;
			buildActionMask = 2147483647;
			files = (
			);
			runOnlyForDeploymentPostprocessing = 0;
		};
/* End PBXFrameworksBuildPhase section */

/* Begin PBXGroup section */
		8A2389712D631F5900DA15E7 = {
			isa = PBXGroup;
			children = (
				8A23897C2D631F5900DA15E7 /* Pokedex */,
				8A2389922D631F5B00DA15E7 /* PokedexTests */,
				8A23899C2D631F5B00DA15E7 /* PokedexUITests */,
				8A23897B2D631F5900DA15E7 /* Products */,
			);
			sourceTree = "<group>";
		};
		8A23897B2D631F5900DA15E7 /* Products */ = {
			isa = PBXGroup;
			children = (
				8A23897A2D631F5900DA15E7 /* Pokedex.app */,
				8A23898F2D631F5B00DA15E7 /* PokedexTests.xctest */,
				8A2389992D631F5B00DA15E7 /* PokedexUITests.xctest */,
			);
			name = Products;
			sourceTree = "<group>";
		};
		8A23897C2D631F5900DA15E7 /* Pokedex */ = {
			isa = PBXGroup;
			children = (
				8AB335B72D63888B0039F61C /* Views */,
				8A2389BC2D633D1400DA15E7 /* ViewModel */,
				8A2389BB2D633CF200DA15E7 /* ApiService */,
				8A2389B22D633BE700DA15E7 /* Models */,
				8A23897D2D631F5900DA15E7 /* PokedexApp.swift */,
				8A23897F2D631F5900DA15E7 /* ContentView.swift */,
				8A2389812D631F5B00DA15E7 /* Assets.xcassets */,
				8A2389862D631F5B00DA15E7 /* Persistence.swift */,
				8A2389882D631F5B00DA15E7 /* Pokedex.xcdatamodeld */,
				8A2389832D631F5B00DA15E7 /* Preview Content */,
			);
			path = Pokedex;
			sourceTree = "<group>";
		};
		8A2389832D631F5B00DA15E7 /* Preview Content */ = {
			isa = PBXGroup;
			children = (
				8A2389842D631F5B00DA15E7 /* Preview Assets.xcassets */,
			);
			path = "Preview Content";
			sourceTree = "<group>";
		};
		8A2389922D631F5B00DA15E7 /* PokedexTests */ = {
			isa = PBXGroup;
			children = (
				8A2389932D631F5B00DA15E7 /* PokedexTests.swift */,
			);
			path = PokedexTests;
			sourceTree = "<group>";
		};
		8A23899C2D631F5B00DA15E7 /* PokedexUITests */ = {
			isa = PBXGroup;
			children = (
				8A23899D2D631F5B00DA15E7 /* PokedexUITests.swift */,
				8A23899F2D631F5B00DA15E7 /* PokedexUITestsLaunchTests.swift */,
			);
			path = PokedexUITests;
			sourceTree = "<group>";
		};
		8A2389B22D633BE700DA15E7 /* Models */ = {
			isa = PBXGroup;
			children = (
				8A2389B52D633BFD00DA15E7 /* PokemonModel.swift */,
				8A2389B72D633C0D00DA15E7 /* TypeModel.swift */,
				8A2389B92D633C3400DA15E7 /* SpriteModel.swift */,
				8A5987FD2D6C5B5900772072 /* StatModel.swift */,
			);
			path = Models;
			sourceTree = "<group>";
		};
		8A2389BB2D633CF200DA15E7 /* ApiService */ = {
			isa = PBXGroup;
			children = (
				8A2389BF2D633D2F00DA15E7 /* ApiService.swift */,
			);
			path = ApiService;
			sourceTree = "<group>";
		};
		8A2389BC2D633D1400DA15E7 /* ViewModel */ = {
			isa = PBXGroup;
			children = (
				8A2389BD2D633D2200DA15E7 /* PokemonViewModel.swift */,
			);
			path = ViewModel;
			sourceTree = "<group>";
		};
		8AB335B72D63888B0039F61C /* Views */ = {
			isa = PBXGroup;
			children = (
				8AB335B82D6388A70039F61C /* PokemonDetail.swift */,
			);
			path = Views;
			sourceTree = "<group>";
		};
/* End PBXGroup section */

/* Begin PBXNativeTarget section */
		8A2389792D631F5900DA15E7 /* Pokedex */ = {
			isa = PBXNativeTarget;
			buildConfigurationList = 8A2389A32D631F5B00DA15E7 /* Build configuration list for PBXNativeTarget "Pokedex" */;
			buildPhases = (
				8A2389762D631F5900DA15E7 /* Sources */,
				8A2389772D631F5900DA15E7 /* Frameworks */,
				8A2389782D631F5900DA15E7 /* Resources */,
			);
			buildRules = (
			);
			dependencies = (
			);
			name = Pokedex;
			productName = Pokedex;
			productReference = 8A23897A2D631F5900DA15E7 /* Pokedex.app */;
			productType = "com.apple.product-type.application";
		};
		8A23898E2D631F5B00DA15E7 /* PokedexTests */ = {
			isa = PBXNativeTarget;
			buildConfigurationList = 8A2389A62D631F5B00DA15E7 /* Build configuration list for PBXNativeTarget "PokedexTests" */;
			buildPhases = (
				8A23898B2D631F5B00DA15E7 /* Sources */,
				8A23898C2D631F5B00DA15E7 /* Frameworks */,
				8A23898D2D631F5B00DA15E7 /* Resources */,
			);
			buildRules = (
			);
			dependencies = (
				8A2389912D631F5B00DA15E7 /* PBXTargetDependency */,
			);
			name = PokedexTests;
			productName = PokedexTests;
			productReference = 8A23898F2D631F5B00DA15E7 /* PokedexTests.xctest */;
			productType = "com.apple.product-type.bundle.unit-test";
		};
		8A2389982D631F5B00DA15E7 /* PokedexUITests */ = {
			isa = PBXNativeTarget;
			buildConfigurationList = 8A2389A92D631F5B00DA15E7 /* Build configuration list for PBXNativeTarget "PokedexUITests" */;
			buildPhases = (
				8A2389952D631F5B00DA15E7 /* Sources */,
				8A2389962D631F5B00DA15E7 /* Frameworks */,
				8A2389972D631F5B00DA15E7 /* Resources */,
			);
			buildRules = (
			);
			dependencies = (
				8A23899B2D631F5B00DA15E7 /* PBXTargetDependency */,
			);
			name = PokedexUITests;
			productName = PokedexUITests;
			productReference = 8A2389992D631F5B00DA15E7 /* PokedexUITests.xctest */;
			productType = "com.apple.product-type.bundle.ui-testing";
		};
/* End PBXNativeTarget section */

/* Begin PBXProject section */
		8A2389722D631F5900DA15E7 /* Project object */ = {
			isa = PBXProject;
			attributes = {
				BuildIndependentTargetsInParallel = 1;
				LastSwiftUpdateCheck = 1500;
				LastUpgradeCheck = 1500;
				TargetAttributes = {
					8A2389792D631F5900DA15E7 = {
						CreatedOnToolsVersion = 15.0.1;
					};
					8A23898E2D631F5B00DA15E7 = {
						CreatedOnToolsVersion = 15.0.1;
						TestTargetID = 8A2389792D631F5900DA15E7;
					};
					8A2389982D631F5B00DA15E7 = {
						CreatedOnToolsVersion = 15.0.1;
						TestTargetID = 8A2389792D631F5900DA15E7;
					};
				};
			};
			buildConfigurationList = 8A2389752D631F5900DA15E7 /* Build configuration list for PBXProject "Pokedex" */;
			compatibilityVersion = "Xcode 14.0";
			developmentRegion = en;
			hasScannedForEncodings = 0;
			knownRegions = (
				en,
				Base,
			);
			mainGroup = 8A2389712D631F5900DA15E7;
			productRefGroup = 8A23897B2D631F5900DA15E7 /* Products */;
			projectDirPath = "";
			projectRoot = "";
			targets = (
				8A2389792D631F5900DA15E7 /* Pokedex */,
				8A23898E2D631F5B00DA15E7 /* PokedexTests */,
				8A2389982D631F5B00DA15E7 /* PokedexUITests */,
			);
		};
/* End PBXProject section */

/* Begin PBXResourcesBuildPhase section */
		8A2389782D631F5900DA15E7 /* Resources */ = {
			isa = PBXResourcesBuildPhase;
			buildActionMask = 2147483647;
			files = (
				8A2389852D631F5B00DA15E7 /* Preview Assets.xcassets in Resources */,
				8A2389822D631F5B00DA15E7 /* Assets.xcassets in Resources */,
			);
			runOnlyForDeploymentPostprocessing = 0;
		};
		8A23898D2D631F5B00DA15E7 /* Resources */ = {
			isa = PBXResourcesBuildPhase;
			buildActionMask = 2147483647;
			files = (
			);
			runOnlyForDeploymentPostprocessing = 0;
		};
		8A2389972D631F5B00DA15E7 /* Resources */ = {
			isa = PBXResourcesBuildPhase;
			buildActionMask = 2147483647;
			files = (
			);
			runOnlyForDeploymentPostprocessing = 0;
		};
/* End PBXResourcesBuildPhase section */

/* Begin PBXSourcesBuildPhase section */
		8A2389762D631F5900DA15E7 /* Sources */ = {
			isa = PBXSourcesBuildPhase;
			buildActionMask = 2147483647;
			files = (
				8A23898A2D631F5B00DA15E7 /* Pokedex.xcdatamodeld in Sources */,
				8A5987FE2D6C5B5900772072 /* StatModel.swift in Sources */,
				8A2389872D631F5B00DA15E7 /* Persistence.swift in Sources */,
				8AB335B92D6388A70039F61C /* PokemonDetail.swift in Sources */,
				8A2389BA2D633C3400DA15E7 /* SpriteModel.swift in Sources */,
				8A2389802D631F5900DA15E7 /* ContentView.swift in Sources */,
				8A2389BE2D633D2200DA15E7 /* PokemonViewModel.swift in Sources */,
				8A2389C02D633D2F00DA15E7 /* ApiService.swift in Sources */,
				8A23897E2D631F5900DA15E7 /* PokedexApp.swift in Sources */,
				8A2389B82D633C0D00DA15E7 /* TypeModel.swift in Sources */,
				8A2389B62D633BFD00DA15E7 /* PokemonModel.swift in Sources */,
			);
			runOnlyForDeploymentPostprocessing = 0;
		};
		8A23898B2D631F5B00DA15E7 /* Sources */ = {
			isa = PBXSourcesBuildPhase;
			buildActionMask = 2147483647;
			files = (
				8A2389942D631F5B00DA15E7 /* PokedexTests.swift in Sources */,
			);
			runOnlyForDeploymentPostprocessing = 0;
		};
		8A2389952D631F5B00DA15E7 /* Sources */ = {
			isa = PBXSourcesBuildPhase;
			buildActionMask = 2147483647;
			files = (
				8A23899E2D631F5B00DA15E7 /* PokedexUITests.swift in Sources */,
				8A2389A02D631F5B00DA15E7 /* PokedexUITestsLaunchTests.swift in Sources */,
			);
			runOnlyForDeploymentPostprocessing = 0;
		};
/* End PBXSourcesBuildPhase section */

/* Begin PBXTargetDependency section */
		8A2389912D631F5B00DA15E7 /* PBXTargetDependency */ = {
			isa = PBXTargetDependency;
			target = 8A2389792D631F5900DA15E7 /* Pokedex */;
			targetProxy = 8A2389902D631F5B00DA15E7 /* PBXContainerItemProxy */;
		};
		8A23899B2D631F5B00DA15E7 /* PBXTargetDependency */ = {
			isa = PBXTargetDependency;
			target = 8A2389792D631F5900DA15E7 /* Pokedex */;
			targetProxy = 8A23899A2D631F5B00DA15E7 /* PBXContainerItemProxy */;
		};
/* End PBXTargetDependency section */

/* Begin XCBuildConfiguration section */
		8A2389A12D631F5B00DA15E7 /* Debug */ = {
			isa = XCBuildConfiguration;
			buildSettings = {
				ALWAYS_SEARCH_USER_PATHS = NO;
				ASSETCATALOG_COMPILER_GENERATE_SWIFT_ASSET_SYMBOL_EXTENSIONS = YES;
				CLANG_ANALYZER_NONNULL = YES;
				CLANG_ANALYZER_NUMBER_OBJECT_CONVERSION = YES_AGGRESSIVE;
				CLANG_CXX_LANGUAGE_STANDARD = "gnu++20";
				CLANG_ENABLE_MODULES = YES;
				CLANG_ENABLE_OBJC_ARC = YES;
				CLANG_ENABLE_OBJC_WEAK = YES;
				CLANG_WARN_BLOCK_CAPTURE_AUTORELEASING = YES;
				CLANG_WARN_BOOL_CONVERSION = YES;
				CLANG_WARN_COMMA = YES;
				CLANG_WARN_CONSTANT_CONVERSION = YES;
				CLANG_WARN_DEPRECATED_OBJC_IMPLEMENTATIONS = YES;
				CLANG_WARN_DIRECT_OBJC_ISA_USAGE = YES_ERROR;
				CLANG_WARN_DOCUMENTATION_COMMENTS = YES;
				CLANG_WARN_EMPTY_BODY = YES;
				CLANG_WARN_ENUM_CONVERSION = YES;
				CLANG_WARN_INFINITE_RECURSION = YES;
				CLANG_WARN_INT_CONVERSION = YES;
				CLANG_WARN_NON_LITERAL_NULL_CONVERSION = YES;
				CLANG_WARN_OBJC_IMPLICIT_RETAIN_SELF = YES;
				CLANG_WARN_OBJC_LITERAL_CONVERSION = YES;
				CLANG_WARN_OBJC_ROOT_CLASS = YES_ERROR;
				CLANG_WARN_QUOTED_INCLUDE_IN_FRAMEWORK_HEADER = YES;
				CLANG_WARN_RANGE_LOOP_ANALYSIS = YES;
				CLANG_WARN_STRICT_PROTOTYPES = YES;
				CLANG_WARN_SUSPICIOUS_MOVE = YES;
				CLANG_WARN_UNGUARDED_AVAILABILITY = YES_AGGRESSIVE;
				CLANG_WARN_UNREACHABLE_CODE = YES;
				CLANG_WARN__DUPLICATE_METHOD_MATCH = YES;
				COPY_PHASE_STRIP = NO;
				DEBUG_INFORMATION_FORMAT = dwarf;
				ENABLE_STRICT_OBJC_MSGSEND = YES;
				ENABLE_TESTABILITY = YES;
				ENABLE_USER_SCRIPT_SANDBOXING = YES;
				GCC_C_LANGUAGE_STANDARD = gnu17;
				GCC_DYNAMIC_NO_PIC = NO;
				GCC_NO_COMMON_BLOCKS = YES;
				GCC_OPTIMIZATION_LEVEL = 0;
				GCC_PREPROCESSOR_DEFINITIONS = (
					"DEBUG=1",
					"$(inherited)",
				);
				GCC_WARN_64_TO_32_BIT_CONVERSION = YES;
				GCC_WARN_ABOUT_RETURN_TYPE = YES_ERROR;
				GCC_WARN_UNDECLARED_SELECTOR = YES;
				GCC_WARN_UNINITIALIZED_AUTOS = YES_AGGRESSIVE;
				GCC_WARN_UNUSED_FUNCTION = YES;
				GCC_WARN_UNUSED_VARIABLE = YES;
				IPHONEOS_DEPLOYMENT_TARGET = 17.0;
				LOCALIZATION_PREFERS_STRING_CATALOGS = YES;
				MTL_ENABLE_DEBUG_INFO = INCLUDE_SOURCE;
				MTL_FAST_MATH = YES;
				ONLY_ACTIVE_ARCH = YES;
				SDKROOT = iphoneos;
				SWIFT_ACTIVE_COMPILATION_CONDITIONS = "DEBUG $(inherited)";
				SWIFT_OPTIMIZATION_LEVEL = "-Onone";
			};
			name = Debug;
		};
		8A2389A22D631F5B00DA15E7 /* Release */ = {
			isa = XCBuildConfiguration;
			buildSettings = {
				ALWAYS_SEARCH_USER_PATHS = NO;
				ASSETCATALOG_COMPILER_GENERATE_SWIFT_ASSET_SYMBOL_EXTENSIONS = YES;
				CLANG_ANALYZER_NONNULL = YES;
				CLANG_ANALYZER_NUMBER_OBJECT_CONVERSION = YES_AGGRESSIVE;
				CLANG_CXX_LANGUAGE_STANDARD = "gnu++20";
				CLANG_ENABLE_MODULES = YES;
				CLANG_ENABLE_OBJC_ARC = YES;
				CLANG_ENABLE_OBJC_WEAK = YES;
				CLANG_WARN_BLOCK_CAPTURE_AUTORELEASING = YES;
				CLANG_WARN_BOOL_CONVERSION = YES;
				CLANG_WARN_COMMA = YES;
				CLANG_WARN_CONSTANT_CONVERSION = YES;
				CLANG_WARN_DEPRECATED_OBJC_IMPLEMENTATIONS = YES;
				CLANG_WARN_DIRECT_OBJC_ISA_USAGE = YES_ERROR;
				CLANG_WARN_DOCUMENTATION_COMMENTS = YES;
				CLANG_WARN_EMPTY_BODY = YES;
				CLANG_WARN_ENUM_CONVERSION = YES;
				CLANG_WARN_INFINITE_RECURSION = YES;
				CLANG_WARN_INT_CONVERSION = YES;
				CLANG_WARN_NON_LITERAL_NULL_CONVERSION = YES;
				CLANG_WARN_OBJC_IMPLICIT_RETAIN_SELF = YES;
				CLANG_WARN_OBJC_LITERAL_CONVERSION = YES;
				CLANG_WARN_OBJC_ROOT_CLASS = YES_ERROR;
				CLANG_WARN_QUOTED_INCLUDE_IN_FRAMEWORK_HEADER = YES;
				CLANG_WARN_RANGE_LOOP_ANALYSIS = YES;
				CLANG_WARN_STRICT_PROTOTYPES = YES;
				CLANG_WARN_SUSPICIOUS_MOVE = YES;
				CLANG_WARN_UNGUARDED_AVAILABILITY = YES_AGGRESSIVE;
				CLANG_WARN_UNREACHABLE_CODE = YES;
				CLANG_WARN__DUPLICATE_METHOD_MATCH = YES;
				COPY_PHASE_STRIP = NO;
				DEBUG_INFORMATION_FORMAT = "dwarf-with-dsym";
				ENABLE_NS_ASSERTIONS = NO;
				ENABLE_STRICT_OBJC_MSGSEND = YES;
				ENABLE_USER_SCRIPT_SANDBOXING = YES;
				GCC_C_LANGUAGE_STANDARD = gnu17;
				GCC_NO_COMMON_BLOCKS = YES;
				GCC_WARN_64_TO_32_BIT_CONVERSION = YES;
				GCC_WARN_ABOUT_RETURN_TYPE = YES_ERROR;
				GCC_WARN_UNDECLARED_SELECTOR = YES;
				GCC_WARN_UNINITIALIZED_AUTOS = YES_AGGRESSIVE;
				GCC_WARN_UNUSED_FUNCTION = YES;
				GCC_WARN_UNUSED_VARIABLE = YES;
				IPHONEOS_DEPLOYMENT_TARGET = 17.0;
				LOCALIZATION_PREFERS_STRING_CATALOGS = YES;
				MTL_ENABLE_DEBUG_INFO = NO;
				MTL_FAST_MATH = YES;
				SDKROOT = iphoneos;
				SWIFT_COMPILATION_MODE = wholemodule;
				VALIDATE_PRODUCT = YES;
			};
			name = Release;
		};
		8A2389A42D631F5B00DA15E7 /* Debug */ = {
			isa = XCBuildConfiguration;
			buildSettings = {
				ASSETCATALOG_COMPILER_APPICON_NAME = AppIcon;
				ASSETCATALOG_COMPILER_GLOBAL_ACCENT_COLOR_NAME = AccentColor;
				CODE_SIGN_STYLE = Automatic;
				CURRENT_PROJECT_VERSION = 1;
				DEVELOPMENT_ASSET_PATHS = "\"Pokedex/Preview Content\"";
				ENABLE_PREVIEWS = YES;
				GENERATE_INFOPLIST_FILE = YES;
				INFOPLIST_KEY_UIApplicationSceneManifest_Generation = YES;
				INFOPLIST_KEY_UIApplicationSupportsIndirectInputEvents = YES;
				INFOPLIST_KEY_UILaunchScreen_Generation = YES;
				INFOPLIST_KEY_UISupportedInterfaceOrientations_iPad = "UIInterfaceOrientationPortrait UIInterfaceOrientationPortraitUpsideDown UIInterfaceOrientationLandscapeLeft UIInterfaceOrientationLandscapeRight";
				INFOPLIST_KEY_UISupportedInterfaceOrientations_iPhone = "UIInterfaceOrientationPortrait UIInterfaceOrientationLandscapeLeft UIInterfaceOrientationLandscapeRight";
				LD_RUNPATH_SEARCH_PATHS = (
					"$(inherited)",
					"@executable_path/Frameworks",
				);
				MARKETING_VERSION = 1.0;
				PRODUCT_BUNDLE_IDENTIFIER = emericsauthier.Pokedex;
				PRODUCT_NAME = "$(TARGET_NAME)";
				SWIFT_EMIT_LOC_STRINGS = YES;
				SWIFT_VERSION = 5.0;
				TARGETED_DEVICE_FAMILY = "1,2";
			};
			name = Debug;
		};
		8A2389A52D631F5B00DA15E7 /* Release */ = {
			isa = XCBuildConfiguration;
			buildSettings = {
				ASSETCATALOG_COMPILER_APPICON_NAME = AppIcon;
				ASSETCATALOG_COMPILER_GLOBAL_ACCENT_COLOR_NAME = AccentColor;
				CODE_SIGN_STYLE = Automatic;
				CURRENT_PROJECT_VERSION = 1;
				DEVELOPMENT_ASSET_PATHS = "\"Pokedex/Preview Content\"";
				ENABLE_PREVIEWS = YES;
				GENERATE_INFOPLIST_FILE = YES;
				INFOPLIST_KEY_UIApplicationSceneManifest_Generation = YES;
				INFOPLIST_KEY_UIApplicationSupportsIndirectInputEvents = YES;
				INFOPLIST_KEY_UILaunchScreen_Generation = YES;
				INFOPLIST_KEY_UISupportedInterfaceOrientations_iPad = "UIInterfaceOrientationPortrait UIInterfaceOrientationPortraitUpsideDown UIInterfaceOrientationLandscapeLeft UIInterfaceOrientationLandscapeRight";
				INFOPLIST_KEY_UISupportedInterfaceOrientations_iPhone = "UIInterfaceOrientationPortrait UIInterfaceOrientationLandscapeLeft UIInterfaceOrientationLandscapeRight";
				LD_RUNPATH_SEARCH_PATHS = (
					"$(inherited)",
					"@executable_path/Frameworks",
				);
				MARKETING_VERSION = 1.0;
				PRODUCT_BUNDLE_IDENTIFIER = emericsauthier.Pokedex;
				PRODUCT_NAME = "$(TARGET_NAME)";
				SWIFT_EMIT_LOC_STRINGS = YES;
				SWIFT_VERSION = 5.0;
				TARGETED_DEVICE_FAMILY = "1,2";
			};
			name = Release;
		};
		8A2389A72D631F5B00DA15E7 /* Debug */ = {
			isa = XCBuildConfiguration;
			buildSettings = {
				ALWAYS_EMBED_SWIFT_STANDARD_LIBRARIES = YES;
				BUNDLE_LOADER = "$(TEST_HOST)";
				CODE_SIGN_STYLE = Automatic;
				CURRENT_PROJECT_VERSION = 1;
				GENERATE_INFOPLIST_FILE = YES;
				IPHONEOS_DEPLOYMENT_TARGET = 17.0;
				MARKETING_VERSION = 1.0;
				PRODUCT_BUNDLE_IDENTIFIER = emericsauthier.PokedexTests;
				PRODUCT_NAME = "$(TARGET_NAME)";
				SWIFT_EMIT_LOC_STRINGS = NO;
				SWIFT_VERSION = 5.0;
				TARGETED_DEVICE_FAMILY = "1,2";
				TEST_HOST = "$(BUILT_PRODUCTS_DIR)/Pokedex.app/$(BUNDLE_EXECUTABLE_FOLDER_PATH)/Pokedex";
			};
			name = Debug;
		};
		8A2389A82D631F5B00DA15E7 /* Release */ = {
			isa = XCBuildConfiguration;
			buildSettings = {
				ALWAYS_EMBED_SWIFT_STANDARD_LIBRARIES = YES;
				BUNDLE_LOADER = "$(TEST_HOST)";
				CODE_SIGN_STYLE = Automatic;
				CURRENT_PROJECT_VERSION = 1;
				GENERATE_INFOPLIST_FILE = YES;
				IPHONEOS_DEPLOYMENT_TARGET = 17.0;
				MARKETING_VERSION = 1.0;
				PRODUCT_BUNDLE_IDENTIFIER = emericsauthier.PokedexTests;
				PRODUCT_NAME = "$(TARGET_NAME)";
				SWIFT_EMIT_LOC_STRINGS = NO;
				SWIFT_VERSION = 5.0;
				TARGETED_DEVICE_FAMILY = "1,2";
				TEST_HOST = "$(BUILT_PRODUCTS_DIR)/Pokedex.app/$(BUNDLE_EXECUTABLE_FOLDER_PATH)/Pokedex";
			};
			name = Release;
		};
		8A2389AA2D631F5B00DA15E7 /* Debug */ = {
			isa = XCBuildConfiguration;
			buildSettings = {
				ALWAYS_EMBED_SWIFT_STANDARD_LIBRARIES = YES;
				CODE_SIGN_STYLE = Automatic;
				CURRENT_PROJECT_VERSION = 1;
				GENERATE_INFOPLIST_FILE = YES;
				MARKETING_VERSION = 1.0;
				PRODUCT_BUNDLE_IDENTIFIER = emericsauthier.PokedexUITests;
				PRODUCT_NAME = "$(TARGET_NAME)";
				SWIFT_EMIT_LOC_STRINGS = NO;
				SWIFT_VERSION = 5.0;
				TARGETED_DEVICE_FAMILY = "1,2";
				TEST_TARGET_NAME = Pokedex;
			};
			name = Debug;
		};
		8A2389AB2D631F5B00DA15E7 /* Release */ = {
			isa = XCBuildConfiguration;
			buildSettings = {
				ALWAYS_EMBED_SWIFT_STANDARD_LIBRARIES = YES;
				CODE_SIGN_STYLE = Automatic;
				CURRENT_PROJECT_VERSION = 1;
				GENERATE_INFOPLIST_FILE = YES;
				MARKETING_VERSION = 1.0;
				PRODUCT_BUNDLE_IDENTIFIER = emericsauthier.PokedexUITests;
				PRODUCT_NAME = "$(TARGET_NAME)";
				SWIFT_EMIT_LOC_STRINGS = NO;
				SWIFT_VERSION = 5.0;
				TARGETED_DEVICE_FAMILY = "1,2";
				TEST_TARGET_NAME = Pokedex;
			};
			name = Release;
		};
/* End XCBuildConfiguration section */

/* Begin XCConfigurationList section */
		8A2389752D631F5900DA15E7 /* Build configuration list for PBXProject "Pokedex" */ = {
			isa = XCConfigurationList;
			buildConfigurations = (
				8A2389A12D631F5B00DA15E7 /* Debug */,
				8A2389A22D631F5B00DA15E7 /* Release */,
			);
			defaultConfigurationIsVisible = 0;
			defaultConfigurationName = Release;
		};
		8A2389A32D631F5B00DA15E7 /* Build configuration list for PBXNativeTarget "Pokedex" */ = {
			isa = XCConfigurationList;
			buildConfigurations = (
				8A2389A42D631F5B00DA15E7 /* Debug */,
				8A2389A52D631F5B00DA15E7 /* Release */,
			);
			defaultConfigurationIsVisible = 0;
			defaultConfigurationName = Release;
		};
		8A2389A62D631F5B00DA15E7 /* Build configuration list for PBXNativeTarget "PokedexTests" */ = {
			isa = XCConfigurationList;
			buildConfigurations = (
				8A2389A72D631F5B00DA15E7 /* Debug */,
				8A2389A82D631F5B00DA15E7 /* Release */,
			);
			defaultConfigurationIsVisible = 0;
			defaultConfigurationName = Release;
		};
		8A2389A92D631F5B00DA15E7 /* Build configuration list for PBXNativeTarget "PokedexUITests" */ = {
			isa = XCConfigurationList;
			buildConfigurations = (
				8A2389AA2D631F5B00DA15E7 /* Debug */,
				8A2389AB2D631F5B00DA15E7 /* Release */,
			);
			defaultConfigurationIsVisible = 0;
			defaultConfigurationName = Release;
		};
/* End XCConfigurationList section */

/* Begin XCVersionGroup section */
		8A2389882D631F5B00DA15E7 /* Pokedex.xcdatamodeld */ = {
			isa = XCVersionGroup;
			children = (
				8A2389892D631F5B00DA15E7 /* Pokedex.xcdatamodel */,
			);
			currentVersion = 8A2389892D631F5B00DA15E7 /* Pokedex.xcdatamodel */;
			path = Pokedex.xcdatamodeld;
			sourceTree = "<group>";
			versionGroupType = wrapper.xcdatamodel;
		};
/* End XCVersionGroup section */
	};
	rootObject = 8A2389722D631F5900DA15E7 /* Project object */;
}
